
Microsoft Visual Studio Solution File, Format Version 12.00
# Visual Studio 2013
VisualStudioVersion = 12.0.21005.1
MinimumVisualStudioVersion = 10.0.40219.1
Project("{2150E333-8FDC-42A3-9474-1A3956D46DE8}") = ".nuget", ".nuget", "{CB278CE6-4DD5-4687-B30C-35368AA0ABE5}"
	ProjectSection(SolutionItems) = preProject
		.nuget\NuGet.Config = .nuget\NuGet.Config
		.nuget\NuGet.exe = .nuget\NuGet.exe
		.nuget\NuGet.targets = .nuget\NuGet.targets
	EndProjectSection
EndProject
Project("{2150E333-8FDC-42A3-9474-1A3956D46DE8}") = "ControlPanel", "ControlPanel", "{86E75D48-2570-40AD-85FE-F733C455BCAB}"
EndProject
Project("{2150E333-8FDC-42A3-9474-1A3956D46DE8}") = "Core", "Core", "{D71E4771-F280-49E1-B22D-9C2641334C75}"
EndProject
Project("{2150E333-8FDC-42A3-9474-1A3956D46DE8}") = "MakOnWay.BAL", "MakOnWay.BAL", "{14CAABE4-2E2A-4D96-8F2D-4610159AD975}"
EndProject
Project("{2150E333-8FDC-42A3-9474-1A3956D46DE8}") = "MakOnWay.DAL", "MakOnWay.DAL", "{434C79C5-F676-4651-A01D-44F72C81DCB2}"
EndProject
Project("{2150E333-8FDC-42A3-9474-1A3956D46DE8}") = "MakOnWay.Service", "MakOnWay.Service", "{FF50DA69-6840-4CDD-8FEE-EF78DD0360D6}"
EndProject
Project("{2150E333-8FDC-42A3-9474-1A3956D46DE8}") = "UI", "UI", "{6AE4DA27-185E-48BD-975A-B743210609DD}"
EndProject
Project("{FAE04EC0-301F-11D3-BF4B-00C04F79EFBC}") = "MakOnWay", "UI\MakOnWay\MakOnWay.csproj", "{823E1BED-BFBF-4511-B4BB-DA26078546E4}"
EndProject
Project("{2150E333-8FDC-42A3-9474-1A3956D46DE8}") = "MOW.DataBase", "MOW.DataBase", "{7363186D-1465-4882-A00E-F6E796463EDF}"
EndProject
Project("{00D1A9C2-B5F0-4AF3-8072-F6C62B433612}") = "MOW.DataBase", "Core\MOW.DataBase\MOW.DataBase.sqlproj", "{DD79F24F-0A4B-454B-A52F-A38D7D10ECC8}"
EndProject
Project("{2150E333-8FDC-42A3-9474-1A3956D46DE8}") = "MOW.Repository", "MOW.Repository", "{B1FB85A4-E1BE-4149-9FC3-70DEA818E6E0}"
EndProject
Project("{FAE04EC0-301F-11D3-BF4B-00C04F79EFBC}") = "MOW.Repository", "Core\MOW.Repository\MOW.Repository.csproj", "{E26C4B7E-AB5B-4954-BDBB-99DCDBE69CA6}"
EndProject
Project("{FAE04EC0-301F-11D3-BF4B-00C04F79EFBC}") = "CustomModel", "Core\CustomModel\CustomModel.csproj", "{B006B462-8A11-405C-A4E2-EA0F98655106}"
EndProject
Project("{2150E333-8FDC-42A3-9474-1A3956D46DE8}") = "MOW.Utilities", "MOW.Utilities", "{2079B8EE-FC80-48B8-888C-87C61ED86D8E}"
EndProject
Project("{FAE04EC0-301F-11D3-BF4B-00C04F79EFBC}") = "MOW.Utilities", "Core\MOW.Utilities\MOW.Utilities.csproj", "{BD8A88B3-4889-4279-87E1-3AA25643A9AD}"
EndProject
Project("{FAE04EC0-301F-11D3-BF4B-00C04F79EFBC}") = "MOW.DAL", "MOW.DAL\MOW.DAL.csproj", "{EC5D1328-F38C-4D9A-BEF4-DC30FAF1B21D}"
EndProject
Project("{FAE04EC0-301F-11D3-BF4B-00C04F79EFBC}") = "MOW.Service", "MOW.Service\MOW.Service.csproj", "{8D10A623-2DD1-463C-928F-DD6ACDA29DF2}"
EndProject
Project("{FAE04EC0-301F-11D3-BF4B-00C04F79EFBC}") = "MOW.BAL", "MOW.BAL\MOW.BAL.csproj", "{680F5D31-AA9F-4996-BB12-F9EE373F7AED}"
EndProject
Global
	GlobalSection(SolutionConfigurationPlatforms) = preSolution
		Debug|Any CPU = Debug|Any CPU
		Release|Any CPU = Release|Any CPU
	EndGlobalSection
	GlobalSection(ProjectConfigurationPlatforms) = postSolution
		{823E1BED-BFBF-4511-B4BB-DA26078546E4}.Debug|Any CPU.ActiveCfg = Debug|Any CPU
		{823E1BED-BFBF-4511-B4BB-DA26078546E4}.Debug|Any CPU.Build.0 = Debug|Any CPU
		{823E1BED-BFBF-4511-B4BB-DA26078546E4}.Release|Any CPU.ActiveCfg = Release|Any CPU
		{823E1BED-BFBF-4511-B4BB-DA26078546E4}.Release|Any CPU.Build.0 = Release|Any CPU
		{DD79F24F-0A4B-454B-A52F-A38D7D10ECC8}.Debug|Any CPU.ActiveCfg = Debug|Any CPU
		{DD79F24F-0A4B-454B-A52F-A38D7D10ECC8}.Debug|Any CPU.Build.0 = Debug|Any CPU
		{DD79F24F-0A4B-454B-A52F-A38D7D10ECC8}.Debug|Any CPU.Deploy.0 = Debug|Any CPU
		{DD79F24F-0A4B-454B-A52F-A38D7D10ECC8}.Release|Any CPU.ActiveCfg = Release|Any CPU
		{DD79F24F-0A4B-454B-A52F-A38D7D10ECC8}.Release|Any CPU.Build.0 = Release|Any CPU
		{DD79F24F-0A4B-454B-A52F-A38D7D10ECC8}.Release|Any CPU.Deploy.0 = Release|Any CPU
		{E26C4B7E-AB5B-4954-BDBB-99DCDBE69CA6}.Debug|Any CPU.ActiveCfg = Debug|Any CPU
		{E26C4B7E-AB5B-4954-BDBB-99DCDBE69CA6}.Debug|Any CPU.Build.0 = Debug|Any CPU
		{E26C4B7E-AB5B-4954-BDBB-99DCDBE69CA6}.Release|Any CPU.ActiveCfg = Release|Any CPU
		{E26C4B7E-AB5B-4954-BDBB-99DCDBE69CA6}.Release|Any CPU.Build.0 = Release|Any CPU
		{B006B462-8A11-405C-A4E2-EA0F98655106}.Debug|Any CPU.ActiveCfg = Debug|Any CPU
		{B006B462-8A11-405C-A4E2-EA0F98655106}.Debug|Any CPU.Build.0 = Debug|Any CPU
		{B006B462-8A11-405C-A4E2-EA0F98655106}.Release|Any CPU.ActiveCfg = Release|Any CPU
		{B006B462-8A11-405C-A4E2-EA0F98655106}.Release|Any CPU.Build.0 = Release|Any CPU
		{BD8A88B3-4889-4279-87E1-3AA25643A9AD}.Debug|Any CPU.ActiveCfg = Debug|Any CPU
		{BD8A88B3-4889-4279-87E1-3AA25643A9AD}.Debug|Any CPU.Build.0 = Debug|Any CPU
		{BD8A88B3-4889-4279-87E1-3AA25643A9AD}.Release|Any CPU.ActiveCfg = Release|Any CPU
		{BD8A88B3-4889-4279-87E1-3AA25643A9AD}.Release|Any CPU.Build.0 = Release|Any CPU
		{EC5D1328-F38C-4D9A-BEF4-DC30FAF1B21D}.Debug|Any CPU.ActiveCfg = Debug|Any CPU
		{EC5D1328-F38C-4D9A-BEF4-DC30FAF1B21D}.Debug|Any CPU.Build.0 = Debug|Any CPU
		{EC5D1328-F38C-4D9A-BEF4-DC30FAF1B21D}.Release|Any CPU.ActiveCfg = Release|Any CPU
		{EC5D1328-F38C-4D9A-BEF4-DC30FAF1B21D}.Release|Any CPU.Build.0 = Release|Any CPU
		{8D10A623-2DD1-463C-928F-DD6ACDA29DF2}.Debug|Any CPU.ActiveCfg = Debug|Any CPU
		{8D10A623-2DD1-463C-928F-DD6ACDA29DF2}.Debug|Any CPU.Build.0 = Debug|Any CPU
		{8D10A623-2DD1-463C-928F-DD6ACDA29DF2}.Release|Any CPU.ActiveCfg = Release|Any CPU
		{8D10A623-2DD1-463C-928F-DD6ACDA29DF2}.Release|Any CPU.Build.0 = Release|Any CPU
		{680F5D31-AA9F-4996-BB12-F9EE373F7AED}.Debug|Any CPU.ActiveCfg = Debug|Any CPU
		{680F5D31-AA9F-4996-BB12-F9EE373F7AED}.Debug|Any CPU.Build.0 = Debug|Any CPU
		{680F5D31-AA9F-4996-BB12-F9EE373F7AED}.Release|Any CPU.ActiveCfg = Release|Any CPU
		{680F5D31-AA9F-4996-BB12-F9EE373F7AED}.Release|Any CPU.Build.0 = Release|Any CPU
	EndGlobalSection
	GlobalSection(SolutionProperties) = preSolution
		HideSolutionNode = FALSE
	EndGlobalSection
	GlobalSection(NestedProjects) = preSolution
		{7363186D-1465-4882-A00E-F6E796463EDF} = {D71E4771-F280-49E1-B22D-9C2641334C75}
		{B1FB85A4-E1BE-4149-9FC3-70DEA818E6E0} = {D71E4771-F280-49E1-B22D-9C2641334C75}
		{2079B8EE-FC80-48B8-888C-87C61ED86D8E} = {D71E4771-F280-49E1-B22D-9C2641334C75}
		{680F5D31-AA9F-4996-BB12-F9EE373F7AED} = {14CAABE4-2E2A-4D96-8F2D-4610159AD975}
		{EC5D1328-F38C-4D9A-BEF4-DC30FAF1B21D} = {434C79C5-F676-4651-A01D-44F72C81DCB2}
		{8D10A623-2DD1-463C-928F-DD6ACDA29DF2} = {FF50DA69-6840-4CDD-8FEE-EF78DD0360D6}
		{823E1BED-BFBF-4511-B4BB-DA26078546E4} = {6AE4DA27-185E-48BD-975A-B743210609DD}
		{DD79F24F-0A4B-454B-A52F-A38D7D10ECC8} = {7363186D-1465-4882-A00E-F6E796463EDF}
		{E26C4B7E-AB5B-4954-BDBB-99DCDBE69CA6} = {B1FB85A4-E1BE-4149-9FC3-70DEA818E6E0}
		{B006B462-8A11-405C-A4E2-EA0F98655106} = {B1FB85A4-E1BE-4149-9FC3-70DEA818E6E0}
		{BD8A88B3-4889-4279-87E1-3AA25643A9AD} = {2079B8EE-FC80-48B8-888C-87C61ED86D8E}
	EndGlobalSection
EndGlobal
